
Microsoft Visual Studio Solution File, Format Version 12.00
# Visual Studio Version 16
VisualStudioVersion = 16.0.30907.101
MinimumVisualStudioVersion = 10.0.40219.1
Project("{FAE04EC0-301F-11D3-BF4B-00C04F79EFBC}") = "SpecFlowProject2", "SpecFlowProject2\SpecFlowProject2.csproj", "{AF41E15D-71C6-4209-8983-28D97EDE47CE}"
EndProject
Global
	GlobalSection(SolutionConfigurationPlatforms) = preSolution
		Debug|Any CPU = Debug|Any CPU
		Release|Any CPU = Release|Any CPU
	EndGlobalSection
	GlobalSection(ProjectConfigurationPlatforms) = postSolution
		{AF41E15D-71C6-4209-8983-28D97EDE47CE}.Debug|Any CPU.ActiveCfg = Debug|Any CPU
		{AF41E15D-71C6-4209-8983-28D97EDE47CE}.Debug|Any CPU.Build.0 = Debug|Any CPU
		{AF41E15D-71C6-4209-8983-28D97EDE47CE}.Release|Any CPU.ActiveCfg = Release|Any CPU
		{AF41E15D-71C6-4209-8983-28D97EDE47CE}.Release|Any CPU.Build.0 = Release|Any CPU
	EndGlobalSection
	GlobalSection(SolutionProperties) = preSolution
		HideSolutionNode = FALSE
	EndGlobalSection
	GlobalSection(ExtensibilityGlobals) = postSolution
		SolutionGuid = {9AEFD07C-427B-42BF-B886-2047D3659C7D}
	EndGlobalSection
EndGlobal
